# This file is automatically @generated by Cargo.
# It is not intended for manual editing.
version = 4

[[package]]
name = "Common"
version = "0.1.1"

[[package]]
name = "Interface"
version = "0.1.0"
dependencies = [
 "Common",
]

[[package]]
name = "kernel"
version = "0.1.1"
dependencies = [
 "Common",
 "Interface",
]

[[package]]
name = "rektal"
version = "0.1.0"
