# This file is automatically @generated by Cargo.
# It is not intended for manual editing.
version = 4

[[package]]
name = "FixtureTest"
version = "0.1.1"

[[package]]
name = "artnet_test"
version = "0.1.0"
dependencies = [
 "FixtureTest",
]

[[package]]
name = "kernel"
version = "0.1.1"
dependencies = [
 "FixtureTest",
 "artnet_test",
]

[[package]]
name = "rektal"
version = "0.1.0"
